
Microsoft Visual Studio Solution File, Format Version 12.00
# Visual Studio 2013
VisualStudioVersion = 12.0.21005.1
MinimumVisualStudioVersion = 10.0.40219.1
Project("{FAE04EC0-301F-11D3-BF4B-00C04F79EFBC}") = "03.Student", "Student\03.Student.csproj", "{E20B8170-ABE4-408B-A1FE-15C8A5B43AD8}"
EndProject
Project("{FAE04EC0-301F-11D3-BF4B-00C04F79EFBC}") = "15.ExcelExport", "ExcelExport\15.ExcelExport.csproj", "{03AAE017-CD32-4DFB-AA82-D1255E84DABD}"
EndProject
Project("{FAE04EC0-301F-11D3-BF4B-00C04F79EFBC}") = "01.StringBuilderExtensions", "StringBuilderExtensions\01.StringBuilderExtensions.csproj", "{9D81B2E4-2E01-4CA9-975A-8D0A0AB43D14}"
EndProject
Project("{FAE04EC0-301F-11D3-BF4B-00C04F79EFBC}") = "02.ExtensinMethodsLINQ", "ExtensinMethodsLINQ\02.ExtensinMethodsLINQ.csproj", "{1E66E25B-6EEC-46E5-B4CA-DE640BB6CFC4}"
EndProject
Global
	GlobalSection(SolutionConfigurationPlatforms) = preSolution
		Debug|Any CPU = Debug|Any CPU
		Release|Any CPU = Release|Any CPU
	EndGlobalSection
	GlobalSection(ProjectConfigurationPlatforms) = postSolution
		{E20B8170-ABE4-408B-A1FE-15C8A5B43AD8}.Debug|Any CPU.ActiveCfg = Debug|Any CPU
		{E20B8170-ABE4-408B-A1FE-15C8A5B43AD8}.Debug|Any CPU.Build.0 = Debug|Any CPU
		{E20B8170-ABE4-408B-A1FE-15C8A5B43AD8}.Release|Any CPU.ActiveCfg = Release|Any CPU
		{E20B8170-ABE4-408B-A1FE-15C8A5B43AD8}.Release|Any CPU.Build.0 = Release|Any CPU
		{03AAE017-CD32-4DFB-AA82-D1255E84DABD}.Debug|Any CPU.ActiveCfg = Debug|Any CPU
		{03AAE017-CD32-4DFB-AA82-D1255E84DABD}.Debug|Any CPU.Build.0 = Debug|Any CPU
		{03AAE017-CD32-4DFB-AA82-D1255E84DABD}.Release|Any CPU.ActiveCfg = Release|Any CPU
		{03AAE017-CD32-4DFB-AA82-D1255E84DABD}.Release|Any CPU.Build.0 = Release|Any CPU
		{9D81B2E4-2E01-4CA9-975A-8D0A0AB43D14}.Debug|Any CPU.ActiveCfg = Debug|Any CPU
		{9D81B2E4-2E01-4CA9-975A-8D0A0AB43D14}.Debug|Any CPU.Build.0 = Debug|Any CPU
		{9D81B2E4-2E01-4CA9-975A-8D0A0AB43D14}.Release|Any CPU.ActiveCfg = Release|Any CPU
		{9D81B2E4-2E01-4CA9-975A-8D0A0AB43D14}.Release|Any CPU.Build.0 = Release|Any CPU
		{1E66E25B-6EEC-46E5-B4CA-DE640BB6CFC4}.Debug|Any CPU.ActiveCfg = Debug|Any CPU
		{1E66E25B-6EEC-46E5-B4CA-DE640BB6CFC4}.Debug|Any CPU.Build.0 = Debug|Any CPU
		{1E66E25B-6EEC-46E5-B4CA-DE640BB6CFC4}.Release|Any CPU.ActiveCfg = Release|Any CPU
		{1E66E25B-6EEC-46E5-B4CA-DE640BB6CFC4}.Release|Any CPU.Build.0 = Release|Any CPU
	EndGlobalSection
	GlobalSection(SolutionProperties) = preSolution
		HideSolutionNode = FALSE
	EndGlobalSection
EndGlobal
