
Microsoft Visual Studio Solution File, Format Version 12.00
# Visual Studio 2013
VisualStudioVersion = 12.0.31101.0
MinimumVisualStudioVersion = 10.0.40219.1
Project("{FAE04EC0-301F-11D3-BF4B-00C04F79EFBC}") = "01.School", "School\01.School.csproj", "{ABE5757A-0D3E-4A8D-8CA5-C0A422C731A5}"
EndProject
Project("{FAE04EC0-301F-11D3-BF4B-00C04F79EFBC}") = "02.HumanStudentWorker", "HumanStudentWorker\02.HumanStudentWorker.csproj", "{C7CC006A-3455-4406-B210-002C40E48FD9}"
EndProject
Project("{FAE04EC0-301F-11D3-BF4B-00C04F79EFBC}") = "03.Animals", "Animals\03.Animals.csproj", "{CB9F8202-E17F-4496-AE04-C9421BF68940}"
EndProject
Project("{FAE04EC0-301F-11D3-BF4B-00C04F79EFBC}") = "04.CompanyHierarchy", "CompanyHierarchy\04.CompanyHierarchy.csproj", "{E32ED13A-9581-4D5A-9E1A-F3A7985E5E79}"
EndProject
Global
	GlobalSection(SolutionConfigurationPlatforms) = preSolution
		Debug|Any CPU = Debug|Any CPU
		Release|Any CPU = Release|Any CPU
	EndGlobalSection
	GlobalSection(ProjectConfigurationPlatforms) = postSolution
		{ABE5757A-0D3E-4A8D-8CA5-C0A422C731A5}.Debug|Any CPU.ActiveCfg = Debug|Any CPU
		{ABE5757A-0D3E-4A8D-8CA5-C0A422C731A5}.Debug|Any CPU.Build.0 = Debug|Any CPU
		{ABE5757A-0D3E-4A8D-8CA5-C0A422C731A5}.Release|Any CPU.ActiveCfg = Release|Any CPU
		{ABE5757A-0D3E-4A8D-8CA5-C0A422C731A5}.Release|Any CPU.Build.0 = Release|Any CPU
		{C7CC006A-3455-4406-B210-002C40E48FD9}.Debug|Any CPU.ActiveCfg = Debug|Any CPU
		{C7CC006A-3455-4406-B210-002C40E48FD9}.Debug|Any CPU.Build.0 = Debug|Any CPU
		{C7CC006A-3455-4406-B210-002C40E48FD9}.Release|Any CPU.ActiveCfg = Release|Any CPU
		{C7CC006A-3455-4406-B210-002C40E48FD9}.Release|Any CPU.Build.0 = Release|Any CPU
		{CB9F8202-E17F-4496-AE04-C9421BF68940}.Debug|Any CPU.ActiveCfg = Debug|Any CPU
		{CB9F8202-E17F-4496-AE04-C9421BF68940}.Debug|Any CPU.Build.0 = Debug|Any CPU
		{CB9F8202-E17F-4496-AE04-C9421BF68940}.Release|Any CPU.ActiveCfg = Release|Any CPU
		{CB9F8202-E17F-4496-AE04-C9421BF68940}.Release|Any CPU.Build.0 = Release|Any CPU
		{E32ED13A-9581-4D5A-9E1A-F3A7985E5E79}.Debug|Any CPU.ActiveCfg = Debug|Any CPU
		{E32ED13A-9581-4D5A-9E1A-F3A7985E5E79}.Debug|Any CPU.Build.0 = Debug|Any CPU
		{E32ED13A-9581-4D5A-9E1A-F3A7985E5E79}.Release|Any CPU.ActiveCfg = Release|Any CPU
		{E32ED13A-9581-4D5A-9E1A-F3A7985E5E79}.Release|Any CPU.Build.0 = Release|Any CPU
	EndGlobalSection
	GlobalSection(SolutionProperties) = preSolution
		HideSolutionNode = FALSE
	EndGlobalSection
EndGlobal
