
Microsoft Visual Studio Solution File, Format Version 12.00
# Visual Studio 2013
VisualStudioVersion = 12.0.21005.1
MinimumVisualStudioVersion = 10.0.40219.1
Project("{FAE04EC0-301F-11D3-BF4B-00C04F79EFBC}") = "01.GalacticGPS", "GalacticGPS\01.GalacticGPS.csproj", "{BCF28AC9-BBBB-422D-8B95-51DA9811FC6D}"
EndProject
Project("{FAE04EC0-301F-11D3-BF4B-00C04F79EFBC}") = "02.FractionCalculator", "FractionCalculator\02.FractionCalculator.csproj", "{6A06AA35-C1A4-4925-9C71-1649E51D2B0E}"
EndProject
Project("{FAE04EC0-301F-11D3-BF4B-00C04F79EFBC}") = "03.GenericList", "GenericList\03.GenericList.csproj", "{FCFC25D8-E144-4E7F-952F-8628ED3541F6}"
EndProject
Project("{FAE04EC0-301F-11D3-BF4B-00C04F79EFBC}") = "05.WordDocumentGenerator", "WordDocumentGenerator\05.WordDocumentGenerator.csproj", "{09761EE5-5B5E-4C6E-A678-43F8DC476D5C}"
EndProject
Global
	GlobalSection(SolutionConfigurationPlatforms) = preSolution
		Debug|Any CPU = Debug|Any CPU
		Release|Any CPU = Release|Any CPU
	EndGlobalSection
	GlobalSection(ProjectConfigurationPlatforms) = postSolution
		{BCF28AC9-BBBB-422D-8B95-51DA9811FC6D}.Debug|Any CPU.ActiveCfg = Debug|Any CPU
		{BCF28AC9-BBBB-422D-8B95-51DA9811FC6D}.Debug|Any CPU.Build.0 = Debug|Any CPU
		{BCF28AC9-BBBB-422D-8B95-51DA9811FC6D}.Release|Any CPU.ActiveCfg = Release|Any CPU
		{BCF28AC9-BBBB-422D-8B95-51DA9811FC6D}.Release|Any CPU.Build.0 = Release|Any CPU
		{6A06AA35-C1A4-4925-9C71-1649E51D2B0E}.Debug|Any CPU.ActiveCfg = Debug|Any CPU
		{6A06AA35-C1A4-4925-9C71-1649E51D2B0E}.Debug|Any CPU.Build.0 = Debug|Any CPU
		{6A06AA35-C1A4-4925-9C71-1649E51D2B0E}.Release|Any CPU.ActiveCfg = Release|Any CPU
		{6A06AA35-C1A4-4925-9C71-1649E51D2B0E}.Release|Any CPU.Build.0 = Release|Any CPU
		{FCFC25D8-E144-4E7F-952F-8628ED3541F6}.Debug|Any CPU.ActiveCfg = Debug|Any CPU
		{FCFC25D8-E144-4E7F-952F-8628ED3541F6}.Debug|Any CPU.Build.0 = Debug|Any CPU
		{FCFC25D8-E144-4E7F-952F-8628ED3541F6}.Release|Any CPU.ActiveCfg = Release|Any CPU
		{FCFC25D8-E144-4E7F-952F-8628ED3541F6}.Release|Any CPU.Build.0 = Release|Any CPU
		{09761EE5-5B5E-4C6E-A678-43F8DC476D5C}.Debug|Any CPU.ActiveCfg = Debug|Any CPU
		{09761EE5-5B5E-4C6E-A678-43F8DC476D5C}.Debug|Any CPU.Build.0 = Debug|Any CPU
		{09761EE5-5B5E-4C6E-A678-43F8DC476D5C}.Release|Any CPU.ActiveCfg = Release|Any CPU
		{09761EE5-5B5E-4C6E-A678-43F8DC476D5C}.Release|Any CPU.Build.0 = Release|Any CPU
	EndGlobalSection
	GlobalSection(SolutionProperties) = preSolution
		HideSolutionNode = FALSE
	EndGlobalSection
EndGlobal
