
Microsoft Visual Studio Solution File, Format Version 12.00
# Visual Studio 2013
VisualStudioVersion = 12.0.31101.0
MinimumVisualStudioVersion = 10.0.40219.1
Project("{FAE04EC0-301F-11D3-BF4B-00C04F79EFBC}") = "01.Persons", "Persons\01.Persons.csproj", "{8A4E5B89-0BA1-4F8F-98D9-054F30267ED1}"
EndProject
Project("{FAE04EC0-301F-11D3-BF4B-00C04F79EFBC}") = "Laptops", "Laptops\Laptops.csproj", "{07F94838-9118-4161-BA3C-92417EEDABE5}"
EndProject
Global
	GlobalSection(SolutionConfigurationPlatforms) = preSolution
		Debug|Any CPU = Debug|Any CPU
		Release|Any CPU = Release|Any CPU
	EndGlobalSection
	GlobalSection(ProjectConfigurationPlatforms) = postSolution
		{8A4E5B89-0BA1-4F8F-98D9-054F30267ED1}.Debug|Any CPU.ActiveCfg = Debug|Any CPU
		{8A4E5B89-0BA1-4F8F-98D9-054F30267ED1}.Debug|Any CPU.Build.0 = Debug|Any CPU
		{8A4E5B89-0BA1-4F8F-98D9-054F30267ED1}.Release|Any CPU.ActiveCfg = Release|Any CPU
		{8A4E5B89-0BA1-4F8F-98D9-054F30267ED1}.Release|Any CPU.Build.0 = Release|Any CPU
		{07F94838-9118-4161-BA3C-92417EEDABE5}.Debug|Any CPU.ActiveCfg = Debug|Any CPU
		{07F94838-9118-4161-BA3C-92417EEDABE5}.Debug|Any CPU.Build.0 = Debug|Any CPU
		{07F94838-9118-4161-BA3C-92417EEDABE5}.Release|Any CPU.ActiveCfg = Release|Any CPU
		{07F94838-9118-4161-BA3C-92417EEDABE5}.Release|Any CPU.Build.0 = Release|Any CPU
	EndGlobalSection
	GlobalSection(SolutionProperties) = preSolution
		HideSolutionNode = FALSE
	EndGlobalSection
EndGlobal
