
Microsoft Visual Studio Solution File, Format Version 12.00
# Visual Studio 2013
VisualStudioVersion = 12.0.31101.0
MinimumVisualStudioVersion = 10.0.40219.1
Project("{FAE04EC0-301F-11D3-BF4B-00C04F79EFBC}") = "01.Shapes", "Shapes\01.Shapes.csproj", "{375495C4-3E3B-4BAA-B543-9C70F6CBC9C8}"
EndProject
Project("{FAE04EC0-301F-11D3-BF4B-00C04F79EFBC}") = "02.BankOfKurtovoKunare", "BankOfKurtovoKunare\02.BankOfKurtovoKunare.csproj", "{62F95A68-89B5-4984-86AA-C29865922D1E}"
EndProject
Project("{FAE04EC0-301F-11D3-BF4B-00C04F79EFBC}") = "03.TheSlum", "TheSlum\03.TheSlum.csproj", "{7C6F7F25-2FDB-401F-B1A9-D8CE3BB7308D}"
EndProject
Global
	GlobalSection(SolutionConfigurationPlatforms) = preSolution
		Debug|Any CPU = Debug|Any CPU
		Release|Any CPU = Release|Any CPU
	EndGlobalSection
	GlobalSection(ProjectConfigurationPlatforms) = postSolution
		{375495C4-3E3B-4BAA-B543-9C70F6CBC9C8}.Debug|Any CPU.ActiveCfg = Debug|Any CPU
		{375495C4-3E3B-4BAA-B543-9C70F6CBC9C8}.Debug|Any CPU.Build.0 = Debug|Any CPU
		{375495C4-3E3B-4BAA-B543-9C70F6CBC9C8}.Release|Any CPU.ActiveCfg = Release|Any CPU
		{375495C4-3E3B-4BAA-B543-9C70F6CBC9C8}.Release|Any CPU.Build.0 = Release|Any CPU
		{62F95A68-89B5-4984-86AA-C29865922D1E}.Debug|Any CPU.ActiveCfg = Debug|Any CPU
		{62F95A68-89B5-4984-86AA-C29865922D1E}.Debug|Any CPU.Build.0 = Debug|Any CPU
		{62F95A68-89B5-4984-86AA-C29865922D1E}.Release|Any CPU.ActiveCfg = Release|Any CPU
		{62F95A68-89B5-4984-86AA-C29865922D1E}.Release|Any CPU.Build.0 = Release|Any CPU
		{7C6F7F25-2FDB-401F-B1A9-D8CE3BB7308D}.Debug|Any CPU.ActiveCfg = Debug|Any CPU
		{7C6F7F25-2FDB-401F-B1A9-D8CE3BB7308D}.Debug|Any CPU.Build.0 = Debug|Any CPU
		{7C6F7F25-2FDB-401F-B1A9-D8CE3BB7308D}.Release|Any CPU.ActiveCfg = Release|Any CPU
		{7C6F7F25-2FDB-401F-B1A9-D8CE3BB7308D}.Release|Any CPU.Build.0 = Release|Any CPU
	EndGlobalSection
	GlobalSection(SolutionProperties) = preSolution
		HideSolutionNode = FALSE
	EndGlobalSection
EndGlobal
